
Microsoft Visual Studio Solution File, Format Version 12.00
# Visual Studio Version 17
VisualStudioVersion = 17.12.35527.113
MinimumVisualStudioVersion = 10.0.40219.1
Project("{FAE04EC0-301F-11D3-BF4B-00C04F79EFBC}") = "Appointments.Domain", "Appointments.Domain\Appointments.Domain.csproj", "{9C7F75AC-6AC7-4CB7-AFB8-E77C1758C41A}"
EndProject
Project("{FAE04EC0-301F-11D3-BF4B-00C04F79EFBC}") = "Appointments.Application", "Appointments.Application\Appointments.Application.csproj", "{B240A17D-F8C2-4251-9713-79B3A17D7745}"
EndProject
Project("{FAE04EC0-301F-11D3-BF4B-00C04F79EFBC}") = "Appointments.Infrastructure", "Appointments.Infrastructure\Appointments.Infrastructure.csproj", "{A66C6975-4337-455C-9EE5-D24EA1711BAF}"
EndProject
Project("{FAE04EC0-301F-11D3-BF4B-00C04F79EFBC}") = "Appointments.API", "Appointments.API\Appointments.API.csproj", "{C0415CD1-D21F-4369-98A9-EB5493E91FF7}"
EndProject
Project("{FAE04EC0-301F-11D3-BF4B-00C04F79EFBC}") = "Events", "..\Events\Events.csproj", "{F310E2A3-CBC8-474B-BF8A-876779A4FEAA}"
EndProject
Project("{FAE04EC0-301F-11D3-BF4B-00C04F79EFBC}") = "Appointments.MessageBroking", "Appointments.Consumers\Appointments.MessageBroking.csproj", "{27A20987-FF83-47C5-B6E8-C10C63326839}"
EndProject
Global
	GlobalSection(SolutionConfigurationPlatforms) = preSolution
		Debug|Any CPU = Debug|Any CPU
		Release|Any CPU = Release|Any CPU
	EndGlobalSection
	GlobalSection(ProjectConfigurationPlatforms) = postSolution
		{9C7F75AC-6AC7-4CB7-AFB8-E77C1758C41A}.Debug|Any CPU.ActiveCfg = Debug|Any CPU
		{9C7F75AC-6AC7-4CB7-AFB8-E77C1758C41A}.Debug|Any CPU.Build.0 = Debug|Any CPU
		{9C7F75AC-6AC7-4CB7-AFB8-E77C1758C41A}.Release|Any CPU.ActiveCfg = Release|Any CPU
		{9C7F75AC-6AC7-4CB7-AFB8-E77C1758C41A}.Release|Any CPU.Build.0 = Release|Any CPU
		{B240A17D-F8C2-4251-9713-79B3A17D7745}.Debug|Any CPU.ActiveCfg = Debug|Any CPU
		{B240A17D-F8C2-4251-9713-79B3A17D7745}.Debug|Any CPU.Build.0 = Debug|Any CPU
		{B240A17D-F8C2-4251-9713-79B3A17D7745}.Release|Any CPU.ActiveCfg = Release|Any CPU
		{B240A17D-F8C2-4251-9713-79B3A17D7745}.Release|Any CPU.Build.0 = Release|Any CPU
		{A66C6975-4337-455C-9EE5-D24EA1711BAF}.Debug|Any CPU.ActiveCfg = Debug|Any CPU
		{A66C6975-4337-455C-9EE5-D24EA1711BAF}.Debug|Any CPU.Build.0 = Debug|Any CPU
		{A66C6975-4337-455C-9EE5-D24EA1711BAF}.Release|Any CPU.ActiveCfg = Release|Any CPU
		{A66C6975-4337-455C-9EE5-D24EA1711BAF}.Release|Any CPU.Build.0 = Release|Any CPU
		{C0415CD1-D21F-4369-98A9-EB5493E91FF7}.Debug|Any CPU.ActiveCfg = Debug|Any CPU
		{C0415CD1-D21F-4369-98A9-EB5493E91FF7}.Debug|Any CPU.Build.0 = Debug|Any CPU
		{C0415CD1-D21F-4369-98A9-EB5493E91FF7}.Release|Any CPU.ActiveCfg = Release|Any CPU
		{C0415CD1-D21F-4369-98A9-EB5493E91FF7}.Release|Any CPU.Build.0 = Release|Any CPU
		{F310E2A3-CBC8-474B-BF8A-876779A4FEAA}.Debug|Any CPU.ActiveCfg = Debug|Any CPU
		{F310E2A3-CBC8-474B-BF8A-876779A4FEAA}.Debug|Any CPU.Build.0 = Debug|Any CPU
		{F310E2A3-CBC8-474B-BF8A-876779A4FEAA}.Release|Any CPU.ActiveCfg = Release|Any CPU
		{F310E2A3-CBC8-474B-BF8A-876779A4FEAA}.Release|Any CPU.Build.0 = Release|Any CPU
		{27A20987-FF83-47C5-B6E8-C10C63326839}.Debug|Any CPU.ActiveCfg = Debug|Any CPU
		{27A20987-FF83-47C5-B6E8-C10C63326839}.Debug|Any CPU.Build.0 = Debug|Any CPU
		{27A20987-FF83-47C5-B6E8-C10C63326839}.Release|Any CPU.ActiveCfg = Release|Any CPU
		{27A20987-FF83-47C5-B6E8-C10C63326839}.Release|Any CPU.Build.0 = Release|Any CPU
	EndGlobalSection
	GlobalSection(SolutionProperties) = preSolution
		HideSolutionNode = FALSE
	EndGlobalSection
EndGlobal
